
Microsoft Visual Studio Solution File, Format Version 12.00
# Visual Studio 15
VisualStudioVersion = 15.0.28307.645
MinimumVisualStudioVersion = 10.0.40219.1
Project("{9A19103F-16F7-4668-BE54-9A1E7A4F7556}") = "CreateBatchJob", "CreateBatchJob\CreateBatchJob.csproj", "{1736C8F9-7663-4101-A619-5D8F70B508D9}"
EndProject
Project("{FAE04EC0-301F-11D3-BF4B-00C04F79EFBC}") = "ReadWriteFile", "ReadWriteFile\ReadWriteFile.csproj", "{084C5542-331F-4264-BEB2-07F4F78BDEE3}"
EndProject
Project("{FAE04EC0-301F-11D3-BF4B-00C04F79EFBC}") = "CreateBatchJobContainer", "CreateBatchJobContainer\CreateBatchJobContainer.csproj", "{0DCFE49A-3A37-4DBD-80B4-083334DE07F0}"
EndProject
Global
	GlobalSection(SolutionConfigurationPlatforms) = preSolution
		Debug|Any CPU = Debug|Any CPU
		Release|Any CPU = Release|Any CPU
	EndGlobalSection
	GlobalSection(ProjectConfigurationPlatforms) = postSolution
		{1736C8F9-7663-4101-A619-5D8F70B508D9}.Debug|Any CPU.ActiveCfg = Debug|Any CPU
		{1736C8F9-7663-4101-A619-5D8F70B508D9}.Debug|Any CPU.Build.0 = Debug|Any CPU
		{1736C8F9-7663-4101-A619-5D8F70B508D9}.Release|Any CPU.ActiveCfg = Release|Any CPU
		{1736C8F9-7663-4101-A619-5D8F70B508D9}.Release|Any CPU.Build.0 = Release|Any CPU
		{084C5542-331F-4264-BEB2-07F4F78BDEE3}.Debug|Any CPU.ActiveCfg = Debug|Any CPU
		{084C5542-331F-4264-BEB2-07F4F78BDEE3}.Debug|Any CPU.Build.0 = Debug|Any CPU
		{084C5542-331F-4264-BEB2-07F4F78BDEE3}.Release|Any CPU.ActiveCfg = Release|Any CPU
		{084C5542-331F-4264-BEB2-07F4F78BDEE3}.Release|Any CPU.Build.0 = Release|Any CPU
		{0DCFE49A-3A37-4DBD-80B4-083334DE07F0}.Debug|Any CPU.ActiveCfg = Debug|Any CPU
		{0DCFE49A-3A37-4DBD-80B4-083334DE07F0}.Debug|Any CPU.Build.0 = Debug|Any CPU
		{0DCFE49A-3A37-4DBD-80B4-083334DE07F0}.Release|Any CPU.ActiveCfg = Release|Any CPU
		{0DCFE49A-3A37-4DBD-80B4-083334DE07F0}.Release|Any CPU.Build.0 = Release|Any CPU
	EndGlobalSection
	GlobalSection(SolutionProperties) = preSolution
		HideSolutionNode = FALSE
	EndGlobalSection
	GlobalSection(ExtensibilityGlobals) = postSolution
		SolutionGuid = {CCB65D5F-FFCB-48D8-988C-1908E9865265}
	EndGlobalSection
EndGlobal
