
Microsoft Visual Studio Solution File, Format Version 12.00
# Visual Studio Version 16
VisualStudioVersion = 16.0.30503.244
MinimumVisualStudioVersion = 10.0.40219.1
Project("{9A19103F-16F7-4668-BE54-9A1E7A4F7556}") = "CreateBatchJob", "CreateBatchJob\CreateBatchJob.csproj", "{1736C8F9-7663-4101-A619-5D8F70B508D9}"
EndProject
Project("{9A19103F-16F7-4668-BE54-9A1E7A4F7556}") = "ReadWriteFile", "ReadWriteFile\ReadWriteFile.csproj", "{084C5542-331F-4264-BEB2-07F4F78BDEE3}"
EndProject
Project("{9A19103F-16F7-4668-BE54-9A1E7A4F7556}") = "CreateBatchJobContainer", "CreateBatchJobContainer\CreateBatchJobContainer.csproj", "{0DCFE49A-3A37-4DBD-80B4-083334DE07F0}"
EndProject
Project("{9A19103F-16F7-4668-BE54-9A1E7A4F7556}") = "CreateQueueProcessingBatchJob", "CreateQueueProcessingBatchJob\CreateQueueProcessingBatchJob.csproj", "{53D5E1EA-5E11-4153-B9BA-0E0992585DCD}"
EndProject
Project("{9A19103F-16F7-4668-BE54-9A1E7A4F7556}") = "QueueProcessingJobManager", "QueueProcessingJobManager\QueueProcessingJobManager.csproj", "{39C95396-07D8-42BB-8F24-AEE055579D13}"
EndProject
Project("{9A19103F-16F7-4668-BE54-9A1E7A4F7556}") = "ProcessMessage", "ProcessMessage\ProcessMessage.csproj", "{8E44D50F-DDED-46DC-B445-ADBB3B56C685}"
EndProject
Project("{9A19103F-16F7-4668-BE54-9A1E7A4F7556}") = "CopyStartupFiles", "CopyStartupFiles\CopyStartupFiles.csproj", "{5B578ABE-D9E7-4688-AE75-381128EBB889}"
EndProject
Project("{9A19103F-16F7-4668-BE54-9A1E7A4F7556}") = "CreatePoolWithStartupTask", "CreatePoolWithStartupTask\CreatePoolWithStartupTask.csproj", "{BB842BFF-B9D4-4228-852E-F9A2962C1AF1}"
EndProject
Project("{9A19103F-16F7-4668-BE54-9A1E7A4F7556}") = "CreateBatchJobInVNet", "CreateBatchJobInVNet\CreateBatchJobInVNet.csproj", "{5A47B904-7CBF-483C-890D-185F935DDADB}"
EndProject
Project("{9A19103F-16F7-4668-BE54-9A1E7A4F7556}") = "BlobStorageCopy", "BlobStorageCopy\BlobStorageCopy.csproj", "{F2D9D784-C582-4611-9EDD-083E814806BA}"
EndProject
Global
	GlobalSection(SolutionConfigurationPlatforms) = preSolution
		Debug|Any CPU = Debug|Any CPU
		Release|Any CPU = Release|Any CPU
	EndGlobalSection
	GlobalSection(ProjectConfigurationPlatforms) = postSolution
		{1736C8F9-7663-4101-A619-5D8F70B508D9}.Debug|Any CPU.ActiveCfg = Debug|Any CPU
		{1736C8F9-7663-4101-A619-5D8F70B508D9}.Debug|Any CPU.Build.0 = Debug|Any CPU
		{1736C8F9-7663-4101-A619-5D8F70B508D9}.Release|Any CPU.ActiveCfg = Release|Any CPU
		{1736C8F9-7663-4101-A619-5D8F70B508D9}.Release|Any CPU.Build.0 = Release|Any CPU
		{084C5542-331F-4264-BEB2-07F4F78BDEE3}.Debug|Any CPU.ActiveCfg = Debug|Any CPU
		{084C5542-331F-4264-BEB2-07F4F78BDEE3}.Debug|Any CPU.Build.0 = Debug|Any CPU
		{084C5542-331F-4264-BEB2-07F4F78BDEE3}.Release|Any CPU.ActiveCfg = Release|Any CPU
		{084C5542-331F-4264-BEB2-07F4F78BDEE3}.Release|Any CPU.Build.0 = Release|Any CPU
		{0DCFE49A-3A37-4DBD-80B4-083334DE07F0}.Debug|Any CPU.ActiveCfg = Debug|Any CPU
		{0DCFE49A-3A37-4DBD-80B4-083334DE07F0}.Debug|Any CPU.Build.0 = Debug|Any CPU
		{0DCFE49A-3A37-4DBD-80B4-083334DE07F0}.Release|Any CPU.ActiveCfg = Release|Any CPU
		{0DCFE49A-3A37-4DBD-80B4-083334DE07F0}.Release|Any CPU.Build.0 = Release|Any CPU
		{53D5E1EA-5E11-4153-B9BA-0E0992585DCD}.Debug|Any CPU.ActiveCfg = Debug|Any CPU
		{53D5E1EA-5E11-4153-B9BA-0E0992585DCD}.Debug|Any CPU.Build.0 = Debug|Any CPU
		{53D5E1EA-5E11-4153-B9BA-0E0992585DCD}.Release|Any CPU.ActiveCfg = Release|Any CPU
		{53D5E1EA-5E11-4153-B9BA-0E0992585DCD}.Release|Any CPU.Build.0 = Release|Any CPU
		{39C95396-07D8-42BB-8F24-AEE055579D13}.Debug|Any CPU.ActiveCfg = Debug|Any CPU
		{39C95396-07D8-42BB-8F24-AEE055579D13}.Debug|Any CPU.Build.0 = Debug|Any CPU
		{39C95396-07D8-42BB-8F24-AEE055579D13}.Release|Any CPU.ActiveCfg = Release|Any CPU
		{39C95396-07D8-42BB-8F24-AEE055579D13}.Release|Any CPU.Build.0 = Release|Any CPU
		{8E44D50F-DDED-46DC-B445-ADBB3B56C685}.Debug|Any CPU.ActiveCfg = Debug|Any CPU
		{8E44D50F-DDED-46DC-B445-ADBB3B56C685}.Debug|Any CPU.Build.0 = Debug|Any CPU
		{8E44D50F-DDED-46DC-B445-ADBB3B56C685}.Release|Any CPU.ActiveCfg = Release|Any CPU
		{8E44D50F-DDED-46DC-B445-ADBB3B56C685}.Release|Any CPU.Build.0 = Release|Any CPU
		{5B578ABE-D9E7-4688-AE75-381128EBB889}.Debug|Any CPU.ActiveCfg = Debug|Any CPU
		{5B578ABE-D9E7-4688-AE75-381128EBB889}.Debug|Any CPU.Build.0 = Debug|Any CPU
		{5B578ABE-D9E7-4688-AE75-381128EBB889}.Release|Any CPU.ActiveCfg = Release|Any CPU
		{5B578ABE-D9E7-4688-AE75-381128EBB889}.Release|Any CPU.Build.0 = Release|Any CPU
		{BB842BFF-B9D4-4228-852E-F9A2962C1AF1}.Debug|Any CPU.ActiveCfg = Debug|Any CPU
		{BB842BFF-B9D4-4228-852E-F9A2962C1AF1}.Debug|Any CPU.Build.0 = Debug|Any CPU
		{BB842BFF-B9D4-4228-852E-F9A2962C1AF1}.Release|Any CPU.ActiveCfg = Release|Any CPU
		{BB842BFF-B9D4-4228-852E-F9A2962C1AF1}.Release|Any CPU.Build.0 = Release|Any CPU
		{5A47B904-7CBF-483C-890D-185F935DDADB}.Debug|Any CPU.ActiveCfg = Debug|Any CPU
		{5A47B904-7CBF-483C-890D-185F935DDADB}.Debug|Any CPU.Build.0 = Debug|Any CPU
		{5A47B904-7CBF-483C-890D-185F935DDADB}.Release|Any CPU.ActiveCfg = Release|Any CPU
		{5A47B904-7CBF-483C-890D-185F935DDADB}.Release|Any CPU.Build.0 = Release|Any CPU
		{F2D9D784-C582-4611-9EDD-083E814806BA}.Debug|Any CPU.ActiveCfg = Debug|Any CPU
		{F2D9D784-C582-4611-9EDD-083E814806BA}.Debug|Any CPU.Build.0 = Debug|Any CPU
		{F2D9D784-C582-4611-9EDD-083E814806BA}.Release|Any CPU.ActiveCfg = Release|Any CPU
		{F2D9D784-C582-4611-9EDD-083E814806BA}.Release|Any CPU.Build.0 = Release|Any CPU
	EndGlobalSection
	GlobalSection(SolutionProperties) = preSolution
		HideSolutionNode = FALSE
	EndGlobalSection
	GlobalSection(ExtensibilityGlobals) = postSolution
		SolutionGuid = {CCB65D5F-FFCB-48D8-988C-1908E9865265}
	EndGlobalSection
EndGlobal
